
Microsoft Visual Studio Solution File, Format Version 12.00
# Visual Studio Version 17
VisualStudioVersion = 17.13.35931.197 d17.13
MinimumVisualStudioVersion = 10.0.40219.1
Project("{FAE04EC0-301F-11D3-BF4B-00C04F79EFBC}") = "ClickImoveis01", "ClickImoveis01\ClickImoveis01.csproj", "{5E808D50-828C-4F2B-9FFD-B83505F88597}"
EndProject
Global
	GlobalSection(SolutionConfigurationPlatforms) = preSolution
		Debug|Any CPU = Debug|Any CPU
		Release|Any CPU = Release|Any CPU
	EndGlobalSection
	GlobalSection(ProjectConfigurationPlatforms) = postSolution
		{5E808D50-828C-4F2B-9FFD-B83505F88597}.Debug|Any CPU.ActiveCfg = Debug|Any CPU
		{5E808D50-828C-4F2B-9FFD-B83505F88597}.Debug|Any CPU.Build.0 = Debug|Any CPU
		{5E808D50-828C-4F2B-9FFD-B83505F88597}.Release|Any CPU.ActiveCfg = Release|Any CPU
		{5E808D50-828C-4F2B-9FFD-B83505F88597}.Release|Any CPU.Build.0 = Release|Any CPU
	EndGlobalSection
	GlobalSection(SolutionProperties) = preSolution
		HideSolutionNode = FALSE
	EndGlobalSection
	GlobalSection(ExtensibilityGlobals) = postSolution
		SolutionGuid = {5FAE0CC4-AD86-4D78-AFE7-7481EE02D1B4}
	EndGlobalSection
EndGlobal
